
Microsoft Visual Studio Solution File, Format Version 12.00
# Visual Studio Version 16
VisualStudioVersion = 16.0.33423.256
MinimumVisualStudioVersion = 10.0.40219.1
Project("{FAE04EC0-301F-11D3-BF4B-00C04F79EFBC}") = "Console_App_submisission", "Console_App_submisission.csproj", "{021C750D-7B21-4D21-936F-868551DDA2E2}"
EndProject
Global
	GlobalSection(SolutionConfigurationPlatforms) = preSolution
		Debug|Any CPU = Debug|Any CPU
		Release|Any CPU = Release|Any CPU
	EndGlobalSection
	GlobalSection(ProjectConfigurationPlatforms) = postSolution
		{021C750D-7B21-4D21-936F-868551DDA2E2}.Debug|Any CPU.ActiveCfg = Debug|Any CPU
		{021C750D-7B21-4D21-936F-868551DDA2E2}.Debug|Any CPU.Build.0 = Debug|Any CPU
		{021C750D-7B21-4D21-936F-868551DDA2E2}.Release|Any CPU.ActiveCfg = Release|Any CPU
		{021C750D-7B21-4D21-936F-868551DDA2E2}.Release|Any CPU.Build.0 = Release|Any CPU
	EndGlobalSection
	GlobalSection(SolutionProperties) = preSolution
		HideSolutionNode = FALSE
	EndGlobalSection
	GlobalSection(ExtensibilityGlobals) = postSolution
		SolutionGuid = {975FBDFC-D50F-4F07-852C-0FF86EA8A869}
	EndGlobalSection
EndGlobal
