
Microsoft Visual Studio Solution File, Format Version 12.00
# Visual Studio Version 16
VisualStudioVersion = 16.0.33423.256
MinimumVisualStudioVersion = 10.0.40219.1
Project("{FAE04EC0-301F-11D3-BF4B-00C04F79EFBC}") = "Twentyone", "Twentyone.csproj", "{2107B12B-1C3C-49F7-812F-8A252F47C6C0}"
EndProject
Global
	GlobalSection(SolutionConfigurationPlatforms) = preSolution
		Debug|Any CPU = Debug|Any CPU
		Release|Any CPU = Release|Any CPU
	EndGlobalSection
	GlobalSection(ProjectConfigurationPlatforms) = postSolution
		{2107B12B-1C3C-49F7-812F-8A252F47C6C0}.Debug|Any CPU.ActiveCfg = Debug|Any CPU
		{2107B12B-1C3C-49F7-812F-8A252F47C6C0}.Debug|Any CPU.Build.0 = Debug|Any CPU
		{2107B12B-1C3C-49F7-812F-8A252F47C6C0}.Release|Any CPU.ActiveCfg = Release|Any CPU
		{2107B12B-1C3C-49F7-812F-8A252F47C6C0}.Release|Any CPU.Build.0 = Release|Any CPU
	EndGlobalSection
	GlobalSection(SolutionProperties) = preSolution
		HideSolutionNode = FALSE
	EndGlobalSection
	GlobalSection(ExtensibilityGlobals) = postSolution
		SolutionGuid = {1AA7E30B-4C5F-49B4-B8CA-6754C46C4882}
	EndGlobalSection
EndGlobal
