
Microsoft Visual Studio Solution File, Format Version 12.00
# Visual Studio Version 16
VisualStudioVersion = 16.0.33423.256
MinimumVisualStudioVersion = 10.0.40219.1
Project("{FAE04EC0-301F-11D3-BF4B-00C04F79EFBC}") = "ExceptionHandling", "ExceptionHandling.csproj", "{33A99BC2-3A92-4132-8930-5AEE0959A031}"
EndProject
Global
	GlobalSection(SolutionConfigurationPlatforms) = preSolution
		Debug|Any CPU = Debug|Any CPU
		Release|Any CPU = Release|Any CPU
	EndGlobalSection
	GlobalSection(ProjectConfigurationPlatforms) = postSolution
		{33A99BC2-3A92-4132-8930-5AEE0959A031}.Debug|Any CPU.ActiveCfg = Debug|Any CPU
		{33A99BC2-3A92-4132-8930-5AEE0959A031}.Debug|Any CPU.Build.0 = Debug|Any CPU
		{33A99BC2-3A92-4132-8930-5AEE0959A031}.Release|Any CPU.ActiveCfg = Release|Any CPU
		{33A99BC2-3A92-4132-8930-5AEE0959A031}.Release|Any CPU.Build.0 = Release|Any CPU
	EndGlobalSection
	GlobalSection(SolutionProperties) = preSolution
		HideSolutionNode = FALSE
	EndGlobalSection
	GlobalSection(ExtensibilityGlobals) = postSolution
		SolutionGuid = {969889D7-3C4D-4CC1-8B93-BDAE17CBD5A4}
	EndGlobalSection
EndGlobal
